# THIS IS AN AUTOGENERATED FILE. DO NOT EDIT THIS FILE DIRECTLY.
# yarn lockfile v1


cp-file@^7.0.0:
  version "7.0.0"
  resolved "https://registry.yarnpkg.com/cp-file/-/cp-file-7.0.0.tgz#b9454cfd07fe3b974ab9ea0e5f29655791a9b8cd"
  integrity sha512-0Cbj7gyvFVApzpK/uhCtQ/9kE9UnYpxMzaq5nQQC/Dh4iaj5fxp7iEFIullrYwzj8nf0qnsI1Qsx34hAeAebvw==
  dependencies:
    graceful-fs "^4.1.2"
    make-dir "^3.0.0"
    nested-error-stacks "^2.0.0"
    p-event "^4.1.0"

graceful-fs@^4.1.2:
  version "4.2.4"
  resolved "https://registry.yarnpkg.com/graceful-fs/-/graceful-fs-4.2.4.tgz#2256bde14d3632958c465ebc96dc467ca07a29fb"
  integrity sha512-WjKPNJF79dtJAVniUlGGWHYGz2jWxT6VhN/4m1NdkbZ2nOsEF+cI1Edgql5zCRhs/VsQYRvrXctxktVXZUkixw==

make-dir@^3.0.0:
  version "3.1.0"
  resolved "https://registry.yarnpkg.com/make-dir/-/make-dir-3.1.0.tgz#415e967046b3a7f1d185277d84aa58203726a13f"
  integrity sha512-g3FeP20LNwhALb/6Cz6Dd4F2ngze0jz7tbzrD2wAV+o9FeNHe4rL+yK2md0J/fiSf1sa1ADhXqi5+oVwOM/eGw==
  dependencies:
    semver "^6.0.0"

nested-error-stacks@^2.0.0:
  version "2.1.0"
  resolved "https://registry.yarnpkg.com/nested-error-stacks/-/nested-error-stacks-2.1.0.tgz#0fbdcf3e13fe4994781280524f8b96b0cdff9c61"
  integrity sha512-AO81vsIO1k1sM4Zrd6Hu7regmJN1NSiAja10gc4bX3F0wd+9rQmcuHQaHVQCYIEC8iFXnE+mavh23GOt7wBgug==

p-event@^4.1.0:
  version "4.2.0"
  resolved "https://registry.yarnpkg.com/p-event/-/p-event-4.2.0.tgz#af4b049c8acd91ae81083ebd1e6f5cae2044c1b5"
  integrity sha512-KXatOjCRXXkSePPb1Nbi0p0m+gQAwdlbhi4wQKJPI1HsMQS9g+Sqp2o+QHziPr7eYJyOZet836KoHEVM1mwOrQ==
  dependencies:
    p-timeout "^3.1.0"

p-finally@^1.0.0:
  version "1.0.0"
  resolved "https://registry.yarnpkg.com/p-finally/-/p-finally-1.0.0.tgz#3fbcfb15b899a44123b34b6dcc18b724336a2cae"
  integrity sha1-P7z7FbiZpEEjs0ttzBi3JDNqLK4=

p-timeout@^3.1.0:
  version "3.2.0"
  resolved "https://registry.yarnpkg.com/p-timeout/-/p-timeout-3.2.0.tgz#c7e17abc971d2a7962ef83626b35d635acf23dfe"
  integrity sha512-rhIwUycgwwKcP9yTOOFK/AKsAopjjCakVqLHePO3CC6Mir1Z99xT+R63jZxAT5lFZLa2inS5h+ZS2GvR99/FBg==
  dependencies:
    p-finally "^1.0.0"

semver@^6.0.0:
  version "6.3.0"
  resolved "https://registry.yarnpkg.com/semver/-/semver-6.3.0.tgz#ee0a64c8af5e8ceea67687b133761e1becbd1d3d"
  integrity sha512-b39TBaTSfV6yBrapU89p5fKekE2m/NwnDocOVruQFS1/veMgdzuPcnOM34M6CwxW8jH/lxEa5rBoDeUwu5HHTw==

terminal.css@^0.7.2:
  version "0.7.2"
  resolved "https://registry.yarnpkg.com/terminal.css/-/terminal.css-0.7.2.tgz#b037a18f240826e83387535eb47355cf17582a95"
  integrity sha512-Mo/zv2aKNjBC9Chv8eszRVNAGZu3o2JUP/5A4zuFVn5ZNOrBBo69TI/HTsQIFvYp0ISVNSTmFakiXdp8R/wE1Q==
  dependencies:
    cp-file "^7.0.0"
